Microsoft Visual Studio Solution File, Format Version 12.00
# Visual Studio Version 17
VisualStudioVersion = 17.5.2.0
MinimumVisualStudioVersion = 10.0.40219.1
Project("{FAE04EC0-301F-11D3-BF4B-00C04F79EFBC}") = "TextAdventure", "TextAdventure.csproj", "{95172560-1142-6F06-3F3B-40ACDFBBFF57}"
EndProject
Global
	GlobalSection(SolutionConfigurationPlatforms) = preSolution
		Debug|Any CPU = Debug|Any CPU
		Release|Any CPU = Release|Any CPU
	EndGlobalSection
	GlobalSection(ProjectConfigurationPlatforms) = postSolution
		{95172560-1142-6F06-3F3B-40ACDFBBFF57}.Debug|Any CPU.ActiveCfg = Debug|Any CPU
		{95172560-1142-6F06-3F3B-40ACDFBBFF57}.Debug|Any CPU.Build.0 = Debug|Any CPU
		{95172560-1142-6F06-3F3B-40ACDFBBFF57}.Release|Any CPU.ActiveCfg = Release|Any CPU
		{95172560-1142-6F06-3F3B-40ACDFBBFF57}.Release|Any CPU.Build.0 = Release|Any CPU
	EndGlobalSection
	GlobalSection(SolutionProperties) = preSolution
		HideSolutionNode = FALSE
	EndGlobalSection
	GlobalSection(ExtensibilityGlobals) = postSolution
		SolutionGuid = {D97BF1CA-C899-437A-97F6-A3E39F513ADB}
	EndGlobalSection
EndGlobal
